
Microsoft Visual Studio Solution File, Format Version 12.00
# Visual Studio Version 17
VisualStudioVersion = 17.4.33213.308
MinimumVisualStudioVersion = 10.0.40219.1
Project("{FAE04EC0-301F-11D3-BF4B-00C04F79EFBC}") = "assecoProject", "assecoProject\assecoProject.csproj", "{521C1A57-4F77-4EC6-AD58-5D6C8983142B}"
EndProject
Global
	GlobalSection(SolutionConfigurationPlatforms) = preSolution
		Debug|Any CPU = Debug|Any CPU
		Release|Any CPU = Release|Any CPU
	EndGlobalSection
	GlobalSection(ProjectConfigurationPlatforms) = postSolution
		{521C1A57-4F77-4EC6-AD58-5D6C8983142B}.Debug|Any CPU.ActiveCfg = Debug|Any CPU
		{521C1A57-4F77-4EC6-AD58-5D6C8983142B}.Debug|Any CPU.Build.0 = Debug|Any CPU
		{521C1A57-4F77-4EC6-AD58-5D6C8983142B}.Release|Any CPU.ActiveCfg = Release|Any CPU
		{521C1A57-4F77-4EC6-AD58-5D6C8983142B}.Release|Any CPU.Build.0 = Release|Any CPU
	EndGlobalSection
	GlobalSection(SolutionProperties) = preSolution
		HideSolutionNode = FALSE
	EndGlobalSection
	GlobalSection(ExtensibilityGlobals) = postSolution
		SolutionGuid = {7F05DDA2-5DCD-4D01-9A3E-4C298A3BC5FB}
	EndGlobalSection
EndGlobal
